
Microsoft Visual Studio Solution File, Format Version 12.00
# Visual Studio 15
VisualStudioVersion = 15.0.27130.2010
MinimumVisualStudioVersion = 10.0.40219.1
Project("{FAE04EC0-301F-11D3-BF4B-00C04F79EFBC}") = "addressbook_tests_white", "addressbook_tests_white\addressbook_tests_white.csproj", "{B2DB92DE-019F-4A5C-AC9E-09945FEE5639}"
EndProject
Global
	GlobalSection(SolutionConfigurationPlatforms) = preSolution
		Debug|Any CPU = Debug|Any CPU
		Release|Any CPU = Release|Any CPU
	EndGlobalSection
	GlobalSection(ProjectConfigurationPlatforms) = postSolution
		{B2DB92DE-019F-4A5C-AC9E-09945FEE5639}.Debug|Any CPU.ActiveCfg = Debug|Any CPU
		{B2DB92DE-019F-4A5C-AC9E-09945FEE5639}.Debug|Any CPU.Build.0 = Debug|Any CPU
		{B2DB92DE-019F-4A5C-AC9E-09945FEE5639}.Release|Any CPU.ActiveCfg = Release|Any CPU
		{B2DB92DE-019F-4A5C-AC9E-09945FEE5639}.Release|Any CPU.Build.0 = Release|Any CPU
	EndGlobalSection
	GlobalSection(SolutionProperties) = preSolution
		HideSolutionNode = FALSE
	EndGlobalSection
	GlobalSection(ExtensibilityGlobals) = postSolution
		SolutionGuid = {F7514209-2D8C-4CF4-98D9-CABE216AAF42}
	EndGlobalSection
EndGlobal
